// !$*UTF8*$!
{
	archiveVersion = 1;
	classes = {
	};
	objectVersion = 55;
	objects = {

/* Begin PBXBuildFile section */
		B21A219F28199210006F59CA /* CombineMarblesApp.swift in Sources */ = {isa = PBXBuildFile; fileRef = B21A219E28199210006F59CA /* CombineMarblesApp.swift */; };
		B21A21A128199210006F59CA /* ContentView.swift in Sources */ = {isa = PBXBuildFile; fileRef = B21A21A028199210006F59CA /* ContentView.swift */; };
		B21A21A328199210006F59CA /* Assets.xcassets in Resources */ = {isa = PBXBuildFile; fileRef = B21A21A228199210006F59CA /* Assets.xcassets */; };
		B21A21A628199210006F59CA /* Preview Assets.xcassets in Resources */ = {isa = PBXBuildFile; fileRef = B21A21A528199210006F59CA /* Preview Assets.xcassets */; };
		B21A21B1281992D4006F59CA /* OperatorCollection.swift in Sources */ = {isa = PBXBuildFile; fileRef = B21A21B0281992D4006F59CA /* OperatorCollection.swift */; };
		B21A21B3281992F5006F59CA /* Event.swift in Sources */ = {isa = PBXBuildFile; fileRef = B21A21B2281992F5006F59CA /* Event.swift */; };
		B21A21B528199310006F59CA /* SequenceExperiment.swift in Sources */ = {isa = PBXBuildFile; fileRef = B21A21B428199310006F59CA /* SequenceExperiment.swift */; };
		B21A21B72819933A006F59CA /* SequenceSheduler.swift in Sources */ = {isa = PBXBuildFile; fileRef = B21A21B62819933A006F59CA /* SequenceSheduler.swift */; };
		B21A21B928199356006F59CA /* SequencePublisher.swift in Sources */ = {isa = PBXBuildFile; fileRef = B21A21B828199356006F59CA /* SequencePublisher.swift */; };
		B21A21BF281993E4006F59CA /* Operator.swift in Sources */ = {isa = PBXBuildFile; fileRef = B21A21BE281993E4006F59CA /* Operator.swift */; };
		B21A21C1281993FD006F59CA /* CombineOperators.swift in Sources */ = {isa = PBXBuildFile; fileRef = B21A21C0281993FD006F59CA /* CombineOperators.swift */; };
		B21A21C328199413006F59CA /* FilterOperators.swift in Sources */ = {isa = PBXBuildFile; fileRef = B21A21C228199413006F59CA /* FilterOperators.swift */; };
		B21A21C528199430006F59CA /* MapOperators.swift in Sources */ = {isa = PBXBuildFile; fileRef = B21A21C428199430006F59CA /* MapOperators.swift */; };
		B21A21C72819944F006F59CA /* MatchingOperators.swift in Sources */ = {isa = PBXBuildFile; fileRef = B21A21C62819944F006F59CA /* MatchingOperators.swift */; };
		B21A21C928199466006F59CA /* MathematicalOperators.swift in Sources */ = {isa = PBXBuildFile; fileRef = B21A21C828199466006F59CA /* MathematicalOperators.swift */; };
		B21A21CB2819947D006F59CA /* ReduceOperators.swift in Sources */ = {isa = PBXBuildFile; fileRef = B21A21CA2819947D006F59CA /* ReduceOperators.swift */; };
		B21A21CD28199497006F59CA /* SelectOperators.swift in Sources */ = {isa = PBXBuildFile; fileRef = B21A21CC28199497006F59CA /* SelectOperators.swift */; };
		B21A21CF281994BF006F59CA /* SequenceOperators.swift in Sources */ = {isa = PBXBuildFile; fileRef = B21A21CE281994BF006F59CA /* SequenceOperators.swift */; };
		B21A21D1281994D7006F59CA /* TimingOperators.swift in Sources */ = {isa = PBXBuildFile; fileRef = B21A21D0281994D7006F59CA /* TimingOperators.swift */; };
		B21A21D528199523006F59CA /* DocumentationLink.swift in Sources */ = {isa = PBXBuildFile; fileRef = B21A21D428199523006F59CA /* DocumentationLink.swift */; };
		B21A21D728199542006F59CA /* ErrorView.swift in Sources */ = {isa = PBXBuildFile; fileRef = B21A21D628199542006F59CA /* ErrorView.swift */; };
		B21A21D92819956E006F59CA /* FinishedView.swift in Sources */ = {isa = PBXBuildFile; fileRef = B21A21D82819956E006F59CA /* FinishedView.swift */; };
		B21A21DD281995AC006F59CA /* MarbleView.swift in Sources */ = {isa = PBXBuildFile; fileRef = B21A21DC281995AC006F59CA /* MarbleView.swift */; };
		B21A21DF281995C7006F59CA /* MarbleLane.swift in Sources */ = {isa = PBXBuildFile; fileRef = B21A21DE281995C7006F59CA /* MarbleLane.swift */; };
		B21A21E1281995E7006F59CA /* MarbleScreen.swift in Sources */ = {isa = PBXBuildFile; fileRef = B21A21E0281995E7006F59CA /* MarbleScreen.swift */; };
		B27BEFC2281A9E51001F9103 /* Operators.swift in Sources */ = {isa = PBXBuildFile; fileRef = B27BEFC1281A9E51001F9103 /* Operators.swift */; };
		B27BEFC4281AA6CA001F9103 /* MarbleViewState.swift in Sources */ = {isa = PBXBuildFile; fileRef = B27BEFC3281AA6CA001F9103 /* MarbleViewState.swift */; };
/* End PBXBuildFile section */

/* Begin PBXFileReference section */
		B21A219B28199210006F59CA /* CombineMarbles.app */ = {isa = PBXFileReference; explicitFileType = wrapper.application; includeInIndex = 0; path = CombineMarbles.app; sourceTree = BUILT_PRODUCTS_DIR; };
		B21A219E28199210006F59CA /* CombineMarblesApp.swift */ = {isa = PBXFileReference; lastKnownFileType = sourcecode.swift; path = CombineMarblesApp.swift; sourceTree = "<group>"; };
		B21A21A028199210006F59CA /* ContentView.swift */ = {isa = PBXFileReference; lastKnownFileType = sourcecode.swift; path = ContentView.swift; sourceTree = "<group>"; };
		B21A21A228199210006F59CA /* Assets.xcassets */ = {isa = PBXFileReference; lastKnownFileType = folder.assetcatalog; path = Assets.xcassets; sourceTree = "<group>"; };
		B21A21A528199210006F59CA /* Preview Assets.xcassets */ = {isa = PBXFileReference; lastKnownFileType = folder.assetcatalog; path = "Preview Assets.xcassets"; sourceTree = "<group>"; };
		B21A21B0281992D4006F59CA /* OperatorCollection.swift */ = {isa = PBXFileReference; lastKnownFileType = sourcecode.swift; path = OperatorCollection.swift; sourceTree = "<group>"; };
		B21A21B2281992F5006F59CA /* Event.swift */ = {isa = PBXFileReference; lastKnownFileType = sourcecode.swift; path = Event.swift; sourceTree = "<group>"; };
		B21A21B428199310006F59CA /* SequenceExperiment.swift */ = {isa = PBXFileReference; lastKnownFileType = sourcecode.swift; path = SequenceExperiment.swift; sourceTree = "<group>"; };
		B21A21B62819933A006F59CA /* SequenceSheduler.swift */ = {isa = PBXFileReference; lastKnownFileType = sourcecode.swift; path = SequenceSheduler.swift; sourceTree = "<group>"; };
		B21A21B828199356006F59CA /* SequencePublisher.swift */ = {isa = PBXFileReference; lastKnownFileType = sourcecode.swift; path = SequencePublisher.swift; sourceTree = "<group>"; };
		B21A21BE281993E4006F59CA /* Operator.swift */ = {isa = PBXFileReference; lastKnownFileType = sourcecode.swift; path = Operator.swift; sourceTree = "<group>"; };
		B21A21C0281993FD006F59CA /* CombineOperators.swift */ = {isa = PBXFileReference; lastKnownFileType = sourcecode.swift; path = CombineOperators.swift; sourceTree = "<group>"; };
		B21A21C228199413006F59CA /* FilterOperators.swift */ = {isa = PBXFileReference; lastKnownFileType = sourcecode.swift; path = FilterOperators.swift; sourceTree = "<group>"; };
		B21A21C428199430006F59CA /* MapOperators.swift */ = {isa = PBXFileReference; lastKnownFileType = sourcecode.swift; path = MapOperators.swift; sourceTree = "<group>"; };
		B21A21C62819944F006F59CA /* MatchingOperators.swift */ = {isa = PBXFileReference; lastKnownFileType = sourcecode.swift; path = MatchingOperators.swift; sourceTree = "<group>"; };
		B21A21C828199466006F59CA /* MathematicalOperators.swift */ = {isa = PBXFileReference; lastKnownFileType = sourcecode.swift; path = MathematicalOperators.swift; sourceTree = "<group>"; };
		B21A21CA2819947D006F59CA /* ReduceOperators.swift */ = {isa = PBXFileReference; lastKnownFileType = sourcecode.swift; path = ReduceOperators.swift; sourceTree = "<group>"; };
		B21A21CC28199497006F59CA /* SelectOperators.swift */ = {isa = PBXFileReference; lastKnownFileType = sourcecode.swift; path = SelectOperators.swift; sourceTree = "<group>"; };
		B21A21CE281994BF006F59CA /* SequenceOperators.swift */ = {isa = PBXFileReference; lastKnownFileType = sourcecode.swift; path = SequenceOperators.swift; sourceTree = "<group>"; };
		B21A21D0281994D7006F59CA /* TimingOperators.swift */ = {isa = PBXFileReference; lastKnownFileType = sourcecode.swift; path = TimingOperators.swift; sourceTree = "<group>"; };
		B21A21D428199523006F59CA /* DocumentationLink.swift */ = {isa = PBXFileReference; lastKnownFileType = sourcecode.swift; path = DocumentationLink.swift; sourceTree = "<group>"; };
		B21A21D628199542006F59CA /* ErrorView.swift */ = {isa = PBXFileReference; lastKnownFileType = sourcecode.swift; path = ErrorView.swift; sourceTree = "<group>"; };
		B21A21D82819956E006F59CA /* FinishedView.swift */ = {isa = PBXFileReference; lastKnownFileType = sourcecode.swift; path = FinishedView.swift; sourceTree = "<group>"; };
		B21A21DC281995AC006F59CA /* MarbleView.swift */ = {isa = PBXFileReference; lastKnownFileType = sourcecode.swift; path = MarbleView.swift; sourceTree = "<group>"; };
		B21A21DE281995C7006F59CA /* MarbleLane.swift */ = {isa = PBXFileReference; lastKnownFileType = sourcecode.swift; path = MarbleLane.swift; sourceTree = "<group>"; };
		B21A21E0281995E7006F59CA /* MarbleScreen.swift */ = {isa = PBXFileReference; lastKnownFileType = sourcecode.swift; path = MarbleScreen.swift; sourceTree = "<group>"; };
		B27BEFC1281A9E51001F9103 /* Operators.swift */ = {isa = PBXFileReference; lastKnownFileType = sourcecode.swift; path = Operators.swift; sourceTree = "<group>"; };
		B27BEFC3281AA6CA001F9103 /* MarbleViewState.swift */ = {isa = PBXFileReference; lastKnownFileType = sourcecode.swift; path = MarbleViewState.swift; sourceTree = "<group>"; };
/* End PBXFileReference section */

/* Begin PBXFrameworksBuildPhase section */
		B21A219828199210006F59CA /* Frameworks */ = {
			isa = PBXFrameworksBuildPhase;
			buildActionMask = 2147483647;
			files = (
			);
			runOnlyForDeploymentPostprocessing = 0;
		};
/* End PBXFrameworksBuildPhase section */

/* Begin PBXGroup section */
		B21A21922819920F006F59CA = {
			isa = PBXGroup;
			children = (
				B21A219D28199210006F59CA /* CombineMarbles */,
				B21A219C28199210006F59CA /* Products */,
			);
			sourceTree = "<group>";
		};
		B21A219C28199210006F59CA /* Products */ = {
			isa = PBXGroup;
			children = (
				B21A219B28199210006F59CA /* CombineMarbles.app */,
			);
			name = Products;
			sourceTree = "<group>";
		};
		B21A219D28199210006F59CA /* CombineMarbles */ = {
			isa = PBXGroup;
			children = (
				B27BEFC5281AA781001F9103 /* ViewModel */,
				B21A21AE2819929B006F59CA /* View */,
				B21A21AC28199284006F59CA /* Model */,
				B21A219E28199210006F59CA /* CombineMarblesApp.swift */,
				B21A21A028199210006F59CA /* ContentView.swift */,
				B21A21A228199210006F59CA /* Assets.xcassets */,
				B21A21A428199210006F59CA /* Preview Content */,
			);
			path = CombineMarbles;
			sourceTree = "<group>";
		};
		B21A21A428199210006F59CA /* Preview Content */ = {
			isa = PBXGroup;
			children = (
				B21A21A528199210006F59CA /* Preview Assets.xcassets */,
			);
			path = "Preview Content";
			sourceTree = "<group>";
		};
		B21A21AC28199284006F59CA /* Model */ = {
			isa = PBXGroup;
			children = (
				B21A21AD28199288006F59CA /* Operators */,
				B21A21BE281993E4006F59CA /* Operator.swift */,
				B21A21B0281992D4006F59CA /* OperatorCollection.swift */,
				B21A21B2281992F5006F59CA /* Event.swift */,
				B21A21B428199310006F59CA /* SequenceExperiment.swift */,
				B21A21B62819933A006F59CA /* SequenceSheduler.swift */,
				B21A21B828199356006F59CA /* SequencePublisher.swift */,
				B27BEFC1281A9E51001F9103 /* Operators.swift */,
			);
			path = Model;
			sourceTree = "<group>";
		};
		B21A21AD28199288006F59CA /* Operators */ = {
			isa = PBXGroup;
			children = (
				B21A21C0281993FD006F59CA /* CombineOperators.swift */,
				B21A21C228199413006F59CA /* FilterOperators.swift */,
				B21A21C428199430006F59CA /* MapOperators.swift */,
				B21A21C62819944F006F59CA /* MatchingOperators.swift */,
				B21A21C828199466006F59CA /* MathematicalOperators.swift */,
				B21A21CA2819947D006F59CA /* ReduceOperators.swift */,
				B21A21CC28199497006F59CA /* SelectOperators.swift */,
				B21A21CE281994BF006F59CA /* SequenceOperators.swift */,
				B21A21D0281994D7006F59CA /* TimingOperators.swift */,
			);
			path = Operators;
			sourceTree = "<group>";
		};
		B21A21AE2819929B006F59CA /* View */ = {
			isa = PBXGroup;
			children = (
				B21A21D428199523006F59CA /* DocumentationLink.swift */,
				B21A21D628199542006F59CA /* ErrorView.swift */,
				B21A21D82819956E006F59CA /* FinishedView.swift */,
				B21A21DC281995AC006F59CA /* MarbleView.swift */,
				B21A21DE281995C7006F59CA /* MarbleLane.swift */,
				B21A21E0281995E7006F59CA /* MarbleScreen.swift */,
			);
			path = View;
			sourceTree = "<group>";
		};
		B27BEFC5281AA781001F9103 /* ViewModel */ = {
			isa = PBXGroup;
			children = (
				B27BEFC3281AA6CA001F9103 /* MarbleViewState.swift */,
			);
			path = ViewModel;
			sourceTree = "<group>";
		};
/* End PBXGroup section */

/* Begin PBXNativeTarget section */
		B21A219A28199210006F59CA /* CombineMarbles */ = {
			isa = PBXNativeTarget;
			buildConfigurationList = B21A21A928199210006F59CA /* Build configuration list for PBXNativeTarget "CombineMarbles" */;
			buildPhases = (
				B21A219728199210006F59CA /* Sources */,
				B21A219828199210006F59CA /* Frameworks */,
				B21A219928199210006F59CA /* Resources */,
			);
			buildRules = (
			);
			dependencies = (
			);
			name = CombineMarbles;
			productName = CombineMarbles;
			productReference = B21A219B28199210006F59CA /* CombineMarbles.app */;
			productType = "com.apple.product-type.application";
		};
/* End PBXNativeTarget section */

/* Begin PBXProject section */
		B21A21932819920F006F59CA /* Project object */ = {
			isa = PBXProject;
			attributes = {
				BuildIndependentTargetsInParallel = 1;
				LastSwiftUpdateCheck = 1330;
				LastUpgradeCheck = 1330;
				TargetAttributes = {
					B21A219A28199210006F59CA = {
						CreatedOnToolsVersion = 13.3.1;
					};
				};
			};
			buildConfigurationList = B21A21962819920F006F59CA /* Build configuration list for PBXProject "CombineMarbles" */;
			compatibilityVersion = "Xcode 13.0";
			developmentRegion = en;
			hasScannedForEncodings = 0;
			knownRegions = (
				en,
				Base,
			);
			mainGroup = B21A21922819920F006F59CA;
			productRefGroup = B21A219C28199210006F59CA /* Products */;
			projectDirPath = "";
			projectRoot = "";
			targets = (
				B21A219A28199210006F59CA /* CombineMarbles */,
			);
		};
/* End PBXProject section */

/* Begin PBXResourcesBuildPhase section */
		B21A219928199210006F59CA /* Resources */ = {
			isa = PBXResourcesBuildPhase;
			buildActionMask = 2147483647;
			files = (
				B21A21A628199210006F59CA /* Preview Assets.xcassets in Resources */,
				B21A21A328199210006F59CA /* Assets.xcassets in Resources */,
			);
			runOnlyForDeploymentPostprocessing = 0;
		};
/* End PBXResourcesBuildPhase section */

/* Begin PBXSourcesBuildPhase section */
		B21A219728199210006F59CA /* Sources */ = {
			isa = PBXSourcesBuildPhase;
			buildActionMask = 2147483647;
			files = (
				B21A21C528199430006F59CA /* MapOperators.swift in Sources */,
				B21A21B928199356006F59CA /* SequencePublisher.swift in Sources */,
				B21A21E1281995E7006F59CA /* MarbleScreen.swift in Sources */,
				B21A21CF281994BF006F59CA /* SequenceOperators.swift in Sources */,
				B21A21C328199413006F59CA /* FilterOperators.swift in Sources */,
				B21A21C1281993FD006F59CA /* CombineOperators.swift in Sources */,
				B21A21B3281992F5006F59CA /* Event.swift in Sources */,
				B21A21B528199310006F59CA /* SequenceExperiment.swift in Sources */,
				B21A21D528199523006F59CA /* DocumentationLink.swift in Sources */,
				B21A21CB2819947D006F59CA /* ReduceOperators.swift in Sources */,
				B21A21A128199210006F59CA /* ContentView.swift in Sources */,
				B21A21C72819944F006F59CA /* MatchingOperators.swift in Sources */,
				B21A21CD28199497006F59CA /* SelectOperators.swift in Sources */,
				B21A21C928199466006F59CA /* MathematicalOperators.swift in Sources */,
				B21A21DF281995C7006F59CA /* MarbleLane.swift in Sources */,
				B21A219F28199210006F59CA /* CombineMarblesApp.swift in Sources */,
				B21A21D92819956E006F59CA /* FinishedView.swift in Sources */,
				B27BEFC2281A9E51001F9103 /* Operators.swift in Sources */,
				B21A21B72819933A006F59CA /* SequenceSheduler.swift in Sources */,
				B21A21BF281993E4006F59CA /* Operator.swift in Sources */,
				B21A21B1281992D4006F59CA /* OperatorCollection.swift in Sources */,
				B21A21D1281994D7006F59CA /* TimingOperators.swift in Sources */,
				B21A21D728199542006F59CA /* ErrorView.swift in Sources */,
				B21A21DD281995AC006F59CA /* MarbleView.swift in Sources */,
				B27BEFC4281AA6CA001F9103 /* MarbleViewState.swift in Sources */,
			);
			runOnlyForDeploymentPostprocessing = 0;
		};
/* End PBXSourcesBuildPhase section */

/* Begin XCBuildConfiguration section */
		B21A21A728199210006F59CA /* Debug */ = {
			isa = XCBuildConfiguration;
			buildSettings = {
				ALWAYS_SEARCH_USER_PATHS = NO;
				CLANG_ANALYZER_NONNULL = YES;
				CLANG_ANALYZER_NUMBER_OBJECT_CONVERSION = YES_AGGRESSIVE;
				CLANG_CXX_LANGUAGE_STANDARD = "gnu++17";
				CLANG_ENABLE_MODULES = YES;
				CLANG_ENABLE_OBJC_ARC = YES;
				CLANG_ENABLE_OBJC_WEAK = YES;
				CLANG_WARN_BLOCK_CAPTURE_AUTORELEASING = YES;
				CLANG_WARN_BOOL_CONVERSION = YES;
				CLANG_WARN_COMMA = YES;
				CLANG_WARN_CONSTANT_CONVERSION = YES;
				CLANG_WARN_DEPRECATED_OBJC_IMPLEMENTATIONS = YES;
				CLANG_WARN_DIRECT_OBJC_ISA_USAGE = YES_ERROR;
				CLANG_WARN_DOCUMENTATION_COMMENTS = YES;
				CLANG_WARN_EMPTY_BODY = YES;
				CLANG_WARN_ENUM_CONVERSION = YES;
				CLANG_WARN_INFINITE_RECURSION = YES;
				CLANG_WARN_INT_CONVERSION = YES;
				CLANG_WARN_NON_LITERAL_NULL_CONVERSION = YES;
				CLANG_WARN_OBJC_IMPLICIT_RETAIN_SELF = YES;
				CLANG_WARN_OBJC_LITERAL_CONVERSION = YES;
				CLANG_WARN_OBJC_ROOT_CLASS = YES_ERROR;
				CLANG_WARN_QUOTED_INCLUDE_IN_FRAMEWORK_HEADER = YES;
				CLANG_WARN_RANGE_LOOP_ANALYSIS = YES;
				CLANG_WARN_STRICT_PROTOTYPES = YES;
				CLANG_WARN_SUSPICIOUS_MOVE = YES;
				CLANG_WARN_UNGUARDED_AVAILABILITY = YES_AGGRESSIVE;
				CLANG_WARN_UNREACHABLE_CODE = YES;
				CLANG_WARN__DUPLICATE_METHOD_MATCH = YES;
				COPY_PHASE_STRIP = NO;
				DEBUG_INFORMATION_FORMAT = dwarf;
				ENABLE_STRICT_OBJC_MSGSEND = YES;
				ENABLE_TESTABILITY = YES;
				GCC_C_LANGUAGE_STANDARD = gnu11;
				GCC_DYNAMIC_NO_PIC = NO;
				GCC_NO_COMMON_BLOCKS = YES;
				GCC_OPTIMIZATION_LEVEL = 0;
				GCC_PREPROCESSOR_DEFINITIONS = (
					"DEBUG=1",
					"$(inherited)",
				);
				GCC_WARN_64_TO_32_BIT_CONVERSION = YES;
				GCC_WARN_ABOUT_RETURN_TYPE = YES_ERROR;
				GCC_WARN_UNDECLARED_SELECTOR = YES;
				GCC_WARN_UNINITIALIZED_AUTOS = YES_AGGRESSIVE;
				GCC_WARN_UNUSED_FUNCTION = YES;
				GCC_WARN_UNUSED_VARIABLE = YES;
				IPHONEOS_DEPLOYMENT_TARGET = 15.4;
				MTL_ENABLE_DEBUG_INFO = INCLUDE_SOURCE;
				MTL_FAST_MATH = YES;
				ONLY_ACTIVE_ARCH = YES;
				SDKROOT = iphoneos;
				SWIFT_ACTIVE_COMPILATION_CONDITIONS = DEBUG;
				SWIFT_OPTIMIZATION_LEVEL = "-Onone";
			};
			name = Debug;
		};
		B21A21A828199210006F59CA /* Release */ = {
			isa = XCBuildConfiguration;
			buildSettings = {
				ALWAYS_SEARCH_USER_PATHS = NO;
				CLANG_ANALYZER_NONNULL = YES;
				CLANG_ANALYZER_NUMBER_OBJECT_CONVERSION = YES_AGGRESSIVE;
				CLANG_CXX_LANGUAGE_STANDARD = "gnu++17";
				CLANG_ENABLE_MODULES = YES;
				CLANG_ENABLE_OBJC_ARC = YES;
				CLANG_ENABLE_OBJC_WEAK = YES;
				CLANG_WARN_BLOCK_CAPTURE_AUTORELEASING = YES;
				CLANG_WARN_BOOL_CONVERSION = YES;
				CLANG_WARN_COMMA = YES;
				CLANG_WARN_CONSTANT_CONVERSION = YES;
				CLANG_WARN_DEPRECATED_OBJC_IMPLEMENTATIONS = YES;
				CLANG_WARN_DIRECT_OBJC_ISA_USAGE = YES_ERROR;
				CLANG_WARN_DOCUMENTATION_COMMENTS = YES;
				CLANG_WARN_EMPTY_BODY = YES;
				CLANG_WARN_ENUM_CONVERSION = YES;
				CLANG_WARN_INFINITE_RECURSION = YES;
				CLANG_WARN_INT_CONVERSION = YES;
				CLANG_WARN_NON_LITERAL_NULL_CONVERSION = YES;
				CLANG_WARN_OBJC_IMPLICIT_RETAIN_SELF = YES;
				CLANG_WARN_OBJC_LITERAL_CONVERSION = YES;
				CLANG_WARN_OBJC_ROOT_CLASS = YES_ERROR;
				CLANG_WARN_QUOTED_INCLUDE_IN_FRAMEWORK_HEADER = YES;
				CLANG_WARN_RANGE_LOOP_ANALYSIS = YES;
				CLANG_WARN_STRICT_PROTOTYPES = YES;
				CLANG_WARN_SUSPICIOUS_MOVE = YES;
				CLANG_WARN_UNGUARDED_AVAILABILITY = YES_AGGRESSIVE;
				CLANG_WARN_UNREACHABLE_CODE = YES;
				CLANG_WARN__DUPLICATE_METHOD_MATCH = YES;
				COPY_PHASE_STRIP = NO;
				DEBUG_INFORMATION_FORMAT = "dwarf-with-dsym";
				ENABLE_NS_ASSERTIONS = NO;
				ENABLE_STRICT_OBJC_MSGSEND = YES;
				GCC_C_LANGUAGE_STANDARD = gnu11;
				GCC_NO_COMMON_BLOCKS = YES;
				GCC_WARN_64_TO_32_BIT_CONVERSION = YES;
				GCC_WARN_ABOUT_RETURN_TYPE = YES_ERROR;
				GCC_WARN_UNDECLARED_SELECTOR = YES;
				GCC_WARN_UNINITIALIZED_AUTOS = YES_AGGRESSIVE;
				GCC_WARN_UNUSED_FUNCTION = YES;
				GCC_WARN_UNUSED_VARIABLE = YES;
				IPHONEOS_DEPLOYMENT_TARGET = 15.4;
				MTL_ENABLE_DEBUG_INFO = NO;
				MTL_FAST_MATH = YES;
				SDKROOT = iphoneos;
				SWIFT_COMPILATION_MODE = wholemodule;
				SWIFT_OPTIMIZATION_LEVEL = "-O";
				VALIDATE_PRODUCT = YES;
			};
			name = Release;
		};
		B21A21AA28199210006F59CA /* Debug */ = {
			isa = XCBuildConfiguration;
			buildSettings = {
				ASSETCATALOG_COMPILER_APPICON_NAME = AppIcon;
				ASSETCATALOG_COMPILER_GLOBAL_ACCENT_COLOR_NAME = AccentColor;
				CODE_SIGN_STYLE = Automatic;
				CURRENT_PROJECT_VERSION = 1;
				DEVELOPMENT_ASSET_PATHS = "\"CombineMarbles/Preview Content\"";
				DEVELOPMENT_TEAM = FSG569Y9UG;
				ENABLE_PREVIEWS = YES;
				GENERATE_INFOPLIST_FILE = YES;
				INFOPLIST_KEY_UIApplicationSceneManifest_Generation = YES;
				INFOPLIST_KEY_UIApplicationSupportsIndirectInputEvents = YES;
				INFOPLIST_KEY_UILaunchScreen_Generation = YES;
				INFOPLIST_KEY_UISupportedInterfaceOrientations_iPad = "UIInterfaceOrientationPortrait UIInterfaceOrientationPortraitUpsideDown UIInterfaceOrientationLandscapeLeft UIInterfaceOrientationLandscapeRight";
				INFOPLIST_KEY_UISupportedInterfaceOrientations_iPhone = "UIInterfaceOrientationPortrait UIInterfaceOrientationLandscapeLeft UIInterfaceOrientationLandscapeRight";
				LD_RUNPATH_SEARCH_PATHS = (
					"$(inherited)",
					"@executable_path/Frameworks",
				);
				MARKETING_VERSION = 1.0;
				PRODUCT_BUNDLE_IDENTIFIER = ru.clevertec.helpers.CombineMarbles;
				PRODUCT_NAME = "$(TARGET_NAME)";
				SWIFT_EMIT_LOC_STRINGS = YES;
				SWIFT_VERSION = 5.0;
				TARGETED_DEVICE_FAMILY = "1,2";
			};
			name = Debug;
		};
		B21A21AB28199210006F59CA /* Release */ = {
			isa = XCBuildConfiguration;
			buildSettings = {
				ASSETCATALOG_COMPILER_APPICON_NAME = AppIcon;
				ASSETCATALOG_COMPILER_GLOBAL_ACCENT_COLOR_NAME = AccentColor;
				CODE_SIGN_STYLE = Automatic;
				CURRENT_PROJECT_VERSION = 1;
				DEVELOPMENT_ASSET_PATHS = "\"CombineMarbles/Preview Content\"";
				DEVELOPMENT_TEAM = FSG569Y9UG;
				ENABLE_PREVIEWS = YES;
				GENERATE_INFOPLIST_FILE = YES;
				INFOPLIST_KEY_UIApplicationSceneManifest_Generation = YES;
				INFOPLIST_KEY_UIApplicationSupportsIndirectInputEvents = YES;
				INFOPLIST_KEY_UILaunchScreen_Generation = YES;
				INFOPLIST_KEY_UISupportedInterfaceOrientations_iPad = "UIInterfaceOrientationPortrait UIInterfaceOrientationPortraitUpsideDown UIInterfaceOrientationLandscapeLeft UIInterfaceOrientationLandscapeRight";
				INFOPLIST_KEY_UISupportedInterfaceOrientations_iPhone = "UIInterfaceOrientationPortrait UIInterfaceOrientationLandscapeLeft UIInterfaceOrientationLandscapeRight";
				LD_RUNPATH_SEARCH_PATHS = (
					"$(inherited)",
					"@executable_path/Frameworks",
				);
				MARKETING_VERSION = 1.0;
				PRODUCT_BUNDLE_IDENTIFIER = ru.clevertec.helpers.CombineMarbles;
				PRODUCT_NAME = "$(TARGET_NAME)";
				SWIFT_EMIT_LOC_STRINGS = YES;
				SWIFT_VERSION = 5.0;
				TARGETED_DEVICE_FAMILY = "1,2";
			};
			name = Release;
		};
/* End XCBuildConfiguration section */

/* Begin XCConfigurationList section */
		B21A21962819920F006F59CA /* Build configuration list for PBXProject "CombineMarbles" */ = {
			isa = XCConfigurationList;
			buildConfigurations = (
				B21A21A728199210006F59CA /* Debug */,
				B21A21A828199210006F59CA /* Release */,
			);
			defaultConfigurationIsVisible = 0;
			defaultConfigurationName = Release;
		};
		B21A21A928199210006F59CA /* Build configuration list for PBXNativeTarget "CombineMarbles" */ = {
			isa = XCConfigurationList;
			buildConfigurations = (
				B21A21AA28199210006F59CA /* Debug */,
				B21A21AB28199210006F59CA /* Release */,
			);
			defaultConfigurationIsVisible = 0;
			defaultConfigurationName = Release;
		};
/* End XCConfigurationList section */
	};
	rootObject = B21A21932819920F006F59CA /* Project object */;
}
